
Microsoft Visual Studio Solution File, Format Version 11.00
# Visual C++ Express 2010
Project("{8BC9CEB8-8B4A-11D0-8D11-00A0C91BC942}") = "audio-puzzle", "audio-puzzle\audio-puzzle.vcxproj", "{087F1A22-98FF-4B49-AF34-BEBF9E423607}"
EndProject
Global
	GlobalSection(SolutionConfigurationPlatforms) = preSolution
		Debug|Win32 = Debug|Win32
		Release|Win32 = Release|Win32
	EndGlobalSection
	GlobalSection(ProjectConfigurationPlatforms) = postSolution
		{087F1A22-98FF-4B49-AF34-BEBF9E423607}.Debug|Win32.ActiveCfg = Debug|Win32
		{087F1A22-98FF-4B49-AF34-BEBF9E423607}.Debug|Win32.Build.0 = Debug|Win32
		{087F1A22-98FF-4B49-AF34-BEBF9E423607}.Release|Win32.ActiveCfg = Release|Win32
		{087F1A22-98FF-4B49-AF34-BEBF9E423607}.Release|Win32.Build.0 = Release|Win32
	EndGlobalSection
	GlobalSection(SolutionProperties) = preSolution
		HideSolutionNode = FALSE
	EndGlobalSection
EndGlobal
